// !$*UTF8*$!
{
	archiveVersion = 1;
	classes = {
	};
	objectVersion = 46;
	objects = {

/* Begin PBXBuildFile section */
		3F1258AB224A8E0A0062AF2C /* ListaTarefasViewController.swift in Sources */ = {isa = PBXBuildFile; fileRef = 3F1258AA224A8E0A0062AF2C /* ListaTarefasViewController.swift */; };
		3F1258AD224A8F6D0062AF2C /* TarefaViewCell.swift in Sources */ = {isa = PBXBuildFile; fileRef = 3F1258AC224A8F6D0062AF2C /* TarefaViewCell.swift */; };
		3F1EA1EE22455387000816D2 /* AppDelegate.swift in Sources */ = {isa = PBXBuildFile; fileRef = 3F1EA1ED22455387000816D2 /* AppDelegate.swift */; };
		3F1EA1F022455387000816D2 /* ViewController.swift in Sources */ = {isa = PBXBuildFile; fileRef = 3F1EA1EF22455387000816D2 /* ViewController.swift */; };
		3F1EA1F322455387000816D2 /* Main.storyboard in Resources */ = {isa = PBXBuildFile; fileRef = 3F1EA1F122455387000816D2 /* Main.storyboard */; };
		3F1EA1F522455387000816D2 /* Assets.xcassets in Resources */ = {isa = PBXBuildFile; fileRef = 3F1EA1F422455387000816D2 /* Assets.xcassets */; };
		3F1EA1F822455387000816D2 /* LaunchScreen.storyboard in Resources */ = {isa = PBXBuildFile; fileRef = 3F1EA1F622455387000816D2 /* LaunchScreen.storyboard */; };
		3F1EA20322455387000816D2 /* AjudarOPeixeTests.swift in Sources */ = {isa = PBXBuildFile; fileRef = 3F1EA20222455387000816D2 /* AjudarOPeixeTests.swift */; };
		3F1EA20E22455387000816D2 /* AjudarOPeixeUITests.swift in Sources */ = {isa = PBXBuildFile; fileRef = 3F1EA20D22455387000816D2 /* AjudarOPeixeUITests.swift */; };
		3F1EA21C22455E90000816D2 /* Tarefa.swift in Sources */ = {isa = PBXBuildFile; fileRef = 3F1EA21B22455E8F000816D2 /* Tarefa.swift */; };
		3F6D8ADC224957EA00BBC22E /* TarefaDAOTestador.swift in Sources */ = {isa = PBXBuildFile; fileRef = 3F6D8ADB224957EA00BBC22E /* TarefaDAOTestador.swift */; };
		3FF138892245706D005070CB /* TarefaDAO.swift in Sources */ = {isa = PBXBuildFile; fileRef = 3FF138882245706D005070CB /* TarefaDAO.swift */; };
/* End PBXBuildFile section */

/* Begin PBXContainerItemProxy section */
		3F1EA1FF22455387000816D2 /* PBXContainerItemProxy */ = {
			isa = PBXContainerItemProxy;
			containerPortal = 3F1EA1E222455387000816D2 /* Project object */;
			proxyType = 1;
			remoteGlobalIDString = 3F1EA1E922455387000816D2;
			remoteInfo = AjudarOPeixe;
		};
		3F1EA20A22455387000816D2 /* PBXContainerItemProxy */ = {
			isa = PBXContainerItemProxy;
			containerPortal = 3F1EA1E222455387000816D2 /* Project object */;
			proxyType = 1;
			remoteGlobalIDString = 3F1EA1E922455387000816D2;
			remoteInfo = AjudarOPeixe;
		};
/* End PBXContainerItemProxy section */

/* Begin PBXFileReference section */
		3F1258AA224A8E0A0062AF2C /* ListaTarefasViewController.swift */ = {isa = PBXFileReference; fileEncoding = 4; lastKnownFileType = sourcecode.swift; path = ListaTarefasViewController.swift; sourceTree = "<group>"; };
		3F1258AC224A8F6D0062AF2C /* TarefaViewCell.swift */ = {isa = PBXFileReference; fileEncoding = 4; lastKnownFileType = sourcecode.swift; name = TarefaViewCell.swift; path = ../TarefaViewCell.swift; sourceTree = "<group>"; };
		3F1EA1EA22455387000816D2 /* AjudarOPeixe.app */ = {isa = PBXFileReference; explicitFileType = wrapper.application; includeInIndex = 0; path = AjudarOPeixe.app; sourceTree = BUILT_PRODUCTS_DIR; };
		3F1EA1ED22455387000816D2 /* AppDelegate.swift */ = {isa = PBXFileReference; lastKnownFileType = sourcecode.swift; path = AppDelegate.swift; sourceTree = "<group>"; };
		3F1EA1EF22455387000816D2 /* ViewController.swift */ = {isa = PBXFileReference; lastKnownFileType = sourcecode.swift; path = ViewController.swift; sourceTree = "<group>"; };
		3F1EA1F222455387000816D2 /* Base */ = {isa = PBXFileReference; lastKnownFileType = file.storyboard; name = Base; path = Base.lproj/Main.storyboard; sourceTree = "<group>"; };
		3F1EA1F422455387000816D2 /* Assets.xcassets */ = {isa = PBXFileReference; lastKnownFileType = folder.assetcatalog; path = Assets.xcassets; sourceTree = "<group>"; };
		3F1EA1F722455387000816D2 /* Base */ = {isa = PBXFileReference; lastKnownFileType = file.storyboard; name = Base; path = Base.lproj/LaunchScreen.storyboard; sourceTree = "<group>"; };
		3F1EA1F922455387000816D2 /* Info.plist */ = {isa = PBXFileReference; lastKnownFileType = text.plist.xml; path = Info.plist; sourceTree = "<group>"; };
		3F1EA1FE22455387000816D2 /* AjudarOPeixeTests.xctest */ = {isa = PBXFileReference; explicitFileType = wrapper.cfbundle; includeInIndex = 0; path = AjudarOPeixeTests.xctest; sourceTree = BUILT_PRODUCTS_DIR; };
		3F1EA20222455387000816D2 /* AjudarOPeixeTests.swift */ = {isa = PBXFileReference; lastKnownFileType = sourcecode.swift; path = AjudarOPeixeTests.swift; sourceTree = "<group>"; };
		3F1EA20422455387000816D2 /* Info.plist */ = {isa = PBXFileReference; lastKnownFileType = text.plist.xml; path = Info.plist; sourceTree = "<group>"; };
		3F1EA20922455387000816D2 /* AjudarOPeixeUITests.xctest */ = {isa = PBXFileReference; explicitFileType = wrapper.cfbundle; includeInIndex = 0; path = AjudarOPeixeUITests.xctest; sourceTree = BUILT_PRODUCTS_DIR; };
		3F1EA20D22455387000816D2 /* AjudarOPeixeUITests.swift */ = {isa = PBXFileReference; lastKnownFileType = sourcecode.swift; path = AjudarOPeixeUITests.swift; sourceTree = "<group>"; };
		3F1EA20F22455387000816D2 /* Info.plist */ = {isa = PBXFileReference; lastKnownFileType = text.plist.xml; path = Info.plist; sourceTree = "<group>"; };
		3F1EA21B22455E8F000816D2 /* Tarefa.swift */ = {isa = PBXFileReference; fileEncoding = 4; lastKnownFileType = sourcecode.swift; path = Tarefa.swift; sourceTree = "<group>"; };
		3F6D8ADB224957EA00BBC22E /* TarefaDAOTestador.swift */ = {isa = PBXFileReference; fileEncoding = 4; lastKnownFileType = sourcecode.swift; path = TarefaDAOTestador.swift; sourceTree = "<group>"; };
		3FF138882245706D005070CB /* TarefaDAO.swift */ = {isa = PBXFileReference; fileEncoding = 4; lastKnownFileType = sourcecode.swift; path = TarefaDAO.swift; sourceTree = "<group>"; };
/* End PBXFileReference section */

/* Begin PBXFrameworksBuildPhase section */
		3F1EA1E722455387000816D2 /* Frameworks */ = {
			isa = PBXFrameworksBuildPhase;
			buildActionMask = 2147483647;
			files = (
			);
			runOnlyForDeploymentPostprocessing = 0;
		};
		3F1EA1FB22455387000816D2 /* Frameworks */ = {
			isa = PBXFrameworksBuildPhase;
			buildActionMask = 2147483647;
			files = (
			);
			runOnlyForDeploymentPostprocessing = 0;
		};
		3F1EA20622455387000816D2 /* Frameworks */ = {
			isa = PBXFrameworksBuildPhase;
			buildActionMask = 2147483647;
			files = (
			);
			runOnlyForDeploymentPostprocessing = 0;
		};
/* End PBXFrameworksBuildPhase section */

/* Begin PBXGroup section */
		3F1EA1E122455387000816D2 = {
			isa = PBXGroup;
			children = (
				3F1EA1EC22455387000816D2 /* AjudarOPeixe */,
				3F1EA20122455387000816D2 /* AjudarOPeixeTests */,
				3F1EA20C22455387000816D2 /* AjudarOPeixeUITests */,
				3F1EA1EB22455387000816D2 /* Products */,
			);
			sourceTree = "<group>";
		};
		3F1EA1EB22455387000816D2 /* Products */ = {
			isa = PBXGroup;
			children = (
				3F1EA1EA22455387000816D2 /* AjudarOPeixe.app */,
				3F1EA1FE22455387000816D2 /* AjudarOPeixeTests.xctest */,
				3F1EA20922455387000816D2 /* AjudarOPeixeUITests.xctest */,
			);
			name = Products;
			sourceTree = "<group>";
		};
		3F1EA1EC22455387000816D2 /* AjudarOPeixe */ = {
			isa = PBXGroup;
			children = (
				3F1258AC224A8F6D0062AF2C /* TarefaViewCell.swift */,
				3F1EA1ED22455387000816D2 /* AppDelegate.swift */,
				3F1EA1EF22455387000816D2 /* ViewController.swift */,
				3F1EA1F122455387000816D2 /* Main.storyboard */,
				3F1258AA224A8E0A0062AF2C /* ListaTarefasViewController.swift */,
				3F1EA21B22455E8F000816D2 /* Tarefa.swift */,
				3F1EA1F422455387000816D2 /* Assets.xcassets */,
				3F1EA1F622455387000816D2 /* LaunchScreen.storyboard */,
				3F1EA1F922455387000816D2 /* Info.plist */,
				3FF138882245706D005070CB /* TarefaDAO.swift */,
			);
			path = AjudarOPeixe;
			sourceTree = "<group>";
		};
		3F1EA20122455387000816D2 /* AjudarOPeixeTests */ = {
			isa = PBXGroup;
			children = (
				3F1EA20222455387000816D2 /* AjudarOPeixeTests.swift */,
				3F1EA20422455387000816D2 /* Info.plist */,
				3F6D8ADB224957EA00BBC22E /* TarefaDAOTestador.swift */,
			);
			path = AjudarOPeixeTests;
			sourceTree = "<group>";
		};
		3F1EA20C22455387000816D2 /* AjudarOPeixeUITests */ = {
			isa = PBXGroup;
			children = (
				3F1EA20D22455387000816D2 /* AjudarOPeixeUITests.swift */,
				3F1EA20F22455387000816D2 /* Info.plist */,
			);
			path = AjudarOPeixeUITests;
			sourceTree = "<group>";
		};
/* End PBXGroup section */

/* Begin PBXNativeTarget section */
		3F1EA1E922455387000816D2 /* AjudarOPeixe */ = {
			isa = PBXNativeTarget;
			buildConfigurationList = 3F1EA21222455387000816D2 /* Build configuration list for PBXNativeTarget "AjudarOPeixe" */;
			buildPhases = (
				3F1EA1E622455387000816D2 /* Sources */,
				3F1EA1E722455387000816D2 /* Frameworks */,
				3F1EA1E822455387000816D2 /* Resources */,
			);
			buildRules = (
			);
			dependencies = (
			);
			name = AjudarOPeixe;
			productName = AjudarOPeixe;
			productReference = 3F1EA1EA22455387000816D2 /* AjudarOPeixe.app */;
			productType = "com.apple.product-type.application";
		};
		3F1EA1FD22455387000816D2 /* AjudarOPeixeTests */ = {
			isa = PBXNativeTarget;
			buildConfigurationList = 3F1EA21522455387000816D2 /* Build configuration list for PBXNativeTarget "AjudarOPeixeTests" */;
			buildPhases = (
				3F1EA1FA22455387000816D2 /* Sources */,
				3F1EA1FB22455387000816D2 /* Frameworks */,
				3F1EA1FC22455387000816D2 /* Resources */,
			);
			buildRules = (
			);
			dependencies = (
				3F1EA20022455387000816D2 /* PBXTargetDependency */,
			);
			name = AjudarOPeixeTests;
			productName = AjudarOPeixeTests;
			productReference = 3F1EA1FE22455387000816D2 /* AjudarOPeixeTests.xctest */;
			productType = "com.apple.product-type.bundle.unit-test";
		};
		3F1EA20822455387000816D2 /* AjudarOPeixeUITests */ = {
			isa = PBXNativeTarget;
			buildConfigurationList = 3F1EA21822455387000816D2 /* Build configuration list for PBXNativeTarget "AjudarOPeixeUITests" */;
			buildPhases = (
				3F1EA20522455387000816D2 /* Sources */,
				3F1EA20622455387000816D2 /* Frameworks */,
				3F1EA20722455387000816D2 /* Resources */,
			);
			buildRules = (
			);
			dependencies = (
				3F1EA20B22455387000816D2 /* PBXTargetDependency */,
			);
			name = AjudarOPeixeUITests;
			productName = AjudarOPeixeUITests;
			productReference = 3F1EA20922455387000816D2 /* AjudarOPeixeUITests.xctest */;
			productType = "com.apple.product-type.bundle.ui-testing";
		};
/* End PBXNativeTarget section */

/* Begin PBXProject section */
		3F1EA1E222455387000816D2 /* Project object */ = {
			isa = PBXProject;
			attributes = {
				LastSwiftUpdateCheck = 0830;
				LastUpgradeCheck = 0830;
				ORGANIZATIONNAME = student;
				TargetAttributes = {
					3F1EA1E922455387000816D2 = {
						CreatedOnToolsVersion = 8.3.3;
						ProvisioningStyle = Automatic;
					};
					3F1EA1FD22455387000816D2 = {
						CreatedOnToolsVersion = 8.3.3;
						ProvisioningStyle = Automatic;
						TestTargetID = 3F1EA1E922455387000816D2;
					};
					3F1EA20822455387000816D2 = {
						CreatedOnToolsVersion = 8.3.3;
						ProvisioningStyle = Automatic;
						TestTargetID = 3F1EA1E922455387000816D2;
					};
				};
			};
			buildConfigurationList = 3F1EA1E522455387000816D2 /* Build configuration list for PBXProject "AjudarOPeixe" */;
			compatibilityVersion = "Xcode 3.2";
			developmentRegion = English;
			hasScannedForEncodings = 0;
			knownRegions = (
				en,
				Base,
			);
			mainGroup = 3F1EA1E122455387000816D2;
			productRefGroup = 3F1EA1EB22455387000816D2 /* Products */;
			projectDirPath = "";
			projectRoot = "";
			targets = (
				3F1EA1E922455387000816D2 /* AjudarOPeixe */,
				3F1EA1FD22455387000816D2 /* AjudarOPeixeTests */,
				3F1EA20822455387000816D2 /* AjudarOPeixeUITests */,
			);
		};
/* End PBXProject section */

/* Begin PBXResourcesBuildPhase section */
		3F1EA1E822455387000816D2 /* Resources */ = {
			isa = PBXResourcesBuildPhase;
			buildActionMask = 2147483647;
			files = (
				3F1EA1F822455387000816D2 /* LaunchScreen.storyboard in Resources */,
				3F1EA1F522455387000816D2 /* Assets.xcassets in Resources */,
				3F1EA1F322455387000816D2 /* Main.storyboard in Resources */,
			);
			runOnlyForDeploymentPostprocessing = 0;
		};
		3F1EA1FC22455387000816D2 /* Resources */ = {
			isa = PBXResourcesBuildPhase;
			buildActionMask = 2147483647;
			files = (
			);
			runOnlyForDeploymentPostprocessing = 0;
		};
		3F1EA20722455387000816D2 /* Resources */ = {
			isa = PBXResourcesBuildPhase;
			buildActionMask = 2147483647;
			files = (
			);
			runOnlyForDeploymentPostprocessing = 0;
		};
/* End PBXResourcesBuildPhase section */

/* Begin PBXSourcesBuildPhase section */
		3F1EA1E622455387000816D2 /* Sources */ = {
			isa = PBXSourcesBuildPhase;
			buildActionMask = 2147483647;
			files = (
				3F1EA1F022455387000816D2 /* ViewController.swift in Sources */,
				3F1258AD224A8F6D0062AF2C /* TarefaViewCell.swift in Sources */,
				3FF138892245706D005070CB /* TarefaDAO.swift in Sources */,
				3F1258AB224A8E0A0062AF2C /* ListaTarefasViewController.swift in Sources */,
				3F1EA21C22455E90000816D2 /* Tarefa.swift in Sources */,
				3F1EA1EE22455387000816D2 /* AppDelegate.swift in Sources */,
			);
			runOnlyForDeploymentPostprocessing = 0;
		};
		3F1EA1FA22455387000816D2 /* Sources */ = {
			isa = PBXSourcesBuildPhase;
			buildActionMask = 2147483647;
			files = (
				3F1EA20322455387000816D2 /* AjudarOPeixeTests.swift in Sources */,
				3F6D8ADC224957EA00BBC22E /* TarefaDAOTestador.swift in Sources */,
			);
			runOnlyForDeploymentPostprocessing = 0;
		};
		3F1EA20522455387000816D2 /* Sources */ = {
			isa = PBXSourcesBuildPhase;
			buildActionMask = 2147483647;
			files = (
				3F1EA20E22455387000816D2 /* AjudarOPeixeUITests.swift in Sources */,
			);
			runOnlyForDeploymentPostprocessing = 0;
		};
/* End PBXSourcesBuildPhase section */

/* Begin PBXTargetDependency section */
		3F1EA20022455387000816D2 /* PBXTargetDependency */ = {
			isa = PBXTargetDependency;
			target = 3F1EA1E922455387000816D2 /* AjudarOPeixe */;
			targetProxy = 3F1EA1FF22455387000816D2 /* PBXContainerItemProxy */;
		};
		3F1EA20B22455387000816D2 /* PBXTargetDependency */ = {
			isa = PBXTargetDependency;
			target = 3F1EA1E922455387000816D2 /* AjudarOPeixe */;
			targetProxy = 3F1EA20A22455387000816D2 /* PBXContainerItemProxy */;
		};
/* End PBXTargetDependency section */

/* Begin PBXVariantGroup section */
		3F1EA1F122455387000816D2 /* Main.storyboard */ = {
			isa = PBXVariantGroup;
			children = (
				3F1EA1F222455387000816D2 /* Base */,
			);
			name = Main.storyboard;
			sourceTree = "<group>";
		};
		3F1EA1F622455387000816D2 /* LaunchScreen.storyboard */ = {
			isa = PBXVariantGroup;
			children = (
				3F1EA1F722455387000816D2 /* Base */,
			);
			name = LaunchScreen.storyboard;
			sourceTree = "<group>";
		};
/* End PBXVariantGroup section */

/* Begin XCBuildConfiguration section */
		3F1EA21022455387000816D2 /* Debug */ = {
			isa = XCBuildConfiguration;
			buildSettings = {
				ALWAYS_SEARCH_USER_PATHS = NO;
				CLANG_ANALYZER_NONNULL = YES;
				CLANG_ANALYZER_NUMBER_OBJECT_CONVERSION = YES_AGGRESSIVE;
				CLANG_CXX_LANGUAGE_STANDARD = "gnu++0x";
				CLANG_CXX_LIBRARY = "libc++";
				CLANG_ENABLE_MODULES = YES;
				CLANG_ENABLE_OBJC_ARC = YES;
				CLANG_WARN_BOOL_CONVERSION = YES;
				CLANG_WARN_CONSTANT_CONVERSION = YES;
				CLANG_WARN_DIRECT_OBJC_ISA_USAGE = YES_ERROR;
				CLANG_WARN_DOCUMENTATION_COMMENTS = YES;
				CLANG_WARN_EMPTY_BODY = YES;
				CLANG_WARN_ENUM_CONVERSION = YES;
				CLANG_WARN_INFINITE_RECURSION = YES;
				CLANG_WARN_INT_CONVERSION = YES;
				CLANG_WARN_OBJC_ROOT_CLASS = YES_ERROR;
				CLANG_WARN_SUSPICIOUS_MOVE = YES;
				CLANG_WARN_UNREACHABLE_CODE = YES;
				CLANG_WARN__DUPLICATE_METHOD_MATCH = YES;
				"CODE_SIGN_IDENTITY[sdk=iphoneos*]" = "iPhone Developer";
				COPY_PHASE_STRIP = NO;
				DEBUG_INFORMATION_FORMAT = dwarf;
				ENABLE_STRICT_OBJC_MSGSEND = YES;
				ENABLE_TESTABILITY = YES;
				GCC_C_LANGUAGE_STANDARD = gnu99;
				GCC_DYNAMIC_NO_PIC = NO;
				GCC_NO_COMMON_BLOCKS = YES;
				GCC_OPTIMIZATION_LEVEL = 0;
				GCC_PREPROCESSOR_DEFINITIONS = (
					"DEBUG=1",
					"$(inherited)",
				);
				GCC_WARN_64_TO_32_BIT_CONVERSION = YES;
				GCC_WARN_ABOUT_RETURN_TYPE = YES_ERROR;
				GCC_WARN_UNDECLARED_SELECTOR = YES;
				GCC_WARN_UNINITIALIZED_AUTOS = YES_AGGRESSIVE;
				GCC_WARN_UNUSED_FUNCTION = YES;
				GCC_WARN_UNUSED_VARIABLE = YES;
				IPHONEOS_DEPLOYMENT_TARGET = 10.3;
				MTL_ENABLE_DEBUG_INFO = YES;
				ONLY_ACTIVE_ARCH = YES;
				SDKROOT = iphoneos;
				SWIFT_ACTIVE_COMPILATION_CONDITIONS = DEBUG;
				SWIFT_OPTIMIZATION_LEVEL = "-Onone";
				TARGETED_DEVICE_FAMILY = "1,2";
			};
			name = Debug;
		};
		3F1EA21122455387000816D2 /* Release */ = {
			isa = XCBuildConfiguration;
			buildSettings = {
				ALWAYS_SEARCH_USER_PATHS = NO;
				CLANG_ANALYZER_NONNULL = YES;
				CLANG_ANALYZER_NUMBER_OBJECT_CONVERSION = YES_AGGRESSIVE;
				CLANG_CXX_LANGUAGE_STANDARD = "gnu++0x";
				CLANG_CXX_LIBRARY = "libc++";
				CLANG_ENABLE_MODULES = YES;
				CLANG_ENABLE_OBJC_ARC = YES;
				CLANG_WARN_BOOL_CONVERSION = YES;
				CLANG_WARN_CONSTANT_CONVERSION = YES;
				CLANG_WARN_DIRECT_OBJC_ISA_USAGE = YES_ERROR;
				CLANG_WARN_DOCUMENTATION_COMMENTS = YES;
				CLANG_WARN_EMPTY_BODY = YES;
				CLANG_WARN_ENUM_CONVERSION = YES;
				CLANG_WARN_INFINITE_RECURSION = YES;
				CLANG_WARN_INT_CONVERSION = YES;
				CLANG_WARN_OBJC_ROOT_CLASS = YES_ERROR;
				CLANG_WARN_SUSPICIOUS_MOVE = YES;
				CLANG_WARN_UNREACHABLE_CODE = YES;
				CLANG_WARN__DUPLICATE_METHOD_MATCH = YES;
				"CODE_SIGN_IDENTITY[sdk=iphoneos*]" = "iPhone Developer";
				COPY_PHASE_STRIP = NO;
				DEBUG_INFORMATION_FORMAT = "dwarf-with-dsym";
				ENABLE_NS_ASSERTIONS = NO;
				ENABLE_STRICT_OBJC_MSGSEND = YES;
				GCC_C_LANGUAGE_STANDARD = gnu99;
				GCC_NO_COMMON_BLOCKS = YES;
				GCC_WARN_64_TO_32_BIT_CONVERSION = YES;
				GCC_WARN_ABOUT_RETURN_TYPE = YES_ERROR;
				GCC_WARN_UNDECLARED_SELECTOR = YES;
				GCC_WARN_UNINITIALIZED_AUTOS = YES_AGGRESSIVE;
				GCC_WARN_UNUSED_FUNCTION = YES;
				GCC_WARN_UNUSED_VARIABLE = YES;
				IPHONEOS_DEPLOYMENT_TARGET = 10.3;
				MTL_ENABLE_DEBUG_INFO = NO;
				SDKROOT = iphoneos;
				SWIFT_OPTIMIZATION_LEVEL = "-Owholemodule";
				TARGETED_DEVICE_FAMILY = "1,2";
				VALIDATE_PRODUCT = YES;
			};
			name = Release;
		};
		3F1EA21322455387000816D2 /* Debug */ = {
			isa = XCBuildConfiguration;
			buildSettings = {
				ASSETCATALOG_COMPILER_APPICON_NAME = AppIcon;
				INFOPLIST_FILE = AjudarOPeixe/Info.plist;
				LD_RUNPATH_SEARCH_PATHS = "$(inherited) @executable_path/Frameworks";
				PRODUCT_BUNDLE_IDENTIFIER = com.hackatruck.AjudarOPeixe;
				PRODUCT_NAME = "$(TARGET_NAME)";
				SWIFT_VERSION = 3.0;
			};
			name = Debug;
		};
		3F1EA21422455387000816D2 /* Release */ = {
			isa = XCBuildConfiguration;
			buildSettings = {
				ASSETCATALOG_COMPILER_APPICON_NAME = AppIcon;
				INFOPLIST_FILE = AjudarOPeixe/Info.plist;
				LD_RUNPATH_SEARCH_PATHS = "$(inherited) @executable_path/Frameworks";
				PRODUCT_BUNDLE_IDENTIFIER = com.hackatruck.AjudarOPeixe;
				PRODUCT_NAME = "$(TARGET_NAME)";
				SWIFT_VERSION = 3.0;
			};
			name = Release;
		};
		3F1EA21622455387000816D2 /* Debug */ = {
			isa = XCBuildConfiguration;
			buildSettings = {
				ALWAYS_EMBED_SWIFT_STANDARD_LIBRARIES = YES;
				BUNDLE_LOADER = "$(TEST_HOST)";
				INFOPLIST_FILE = AjudarOPeixeTests/Info.plist;
				LD_RUNPATH_SEARCH_PATHS = "$(inherited) @executable_path/Frameworks @loader_path/Frameworks";
				PRODUCT_BUNDLE_IDENTIFIER = com.hackatruck.AjudarOPeixeTests;
				PRODUCT_NAME = "$(TARGET_NAME)";
				SWIFT_VERSION = 3.0;
				TEST_HOST = "$(BUILT_PRODUCTS_DIR)/AjudarOPeixe.app/AjudarOPeixe";
			};
			name = Debug;
		};
		3F1EA21722455387000816D2 /* Release */ = {
			isa = XCBuildConfiguration;
			buildSettings = {
				ALWAYS_EMBED_SWIFT_STANDARD_LIBRARIES = YES;
				BUNDLE_LOADER = "$(TEST_HOST)";
				INFOPLIST_FILE = AjudarOPeixeTests/Info.plist;
				LD_RUNPATH_SEARCH_PATHS = "$(inherited) @executable_path/Frameworks @loader_path/Frameworks";
				PRODUCT_BUNDLE_IDENTIFIER = com.hackatruck.AjudarOPeixeTests;
				PRODUCT_NAME = "$(TARGET_NAME)";
				SWIFT_VERSION = 3.0;
				TEST_HOST = "$(BUILT_PRODUCTS_DIR)/AjudarOPeixe.app/AjudarOPeixe";
			};
			name = Release;
		};
		3F1EA21922455387000816D2 /* Debug */ = {
			isa = XCBuildConfiguration;
			buildSettings = {
				ALWAYS_EMBED_SWIFT_STANDARD_LIBRARIES = YES;
				INFOPLIST_FILE = AjudarOPeixeUITests/Info.plist;
				LD_RUNPATH_SEARCH_PATHS = "$(inherited) @executable_path/Frameworks @loader_path/Frameworks";
				PRODUCT_BUNDLE_IDENTIFIER = com.hackatruck.AjudarOPeixeUITests;
				PRODUCT_NAME = "$(TARGET_NAME)";
				SWIFT_VERSION = 3.0;
				TEST_TARGET_NAME = AjudarOPeixe;
			};
			name = Debug;
		};
		3F1EA21A22455387000816D2 /* Release */ = {
			isa = XCBuildConfiguration;
			buildSettings = {
				ALWAYS_EMBED_SWIFT_STANDARD_LIBRARIES = YES;
				INFOPLIST_FILE = AjudarOPeixeUITests/Info.plist;
				LD_RUNPATH_SEARCH_PATHS = "$(inherited) @executable_path/Frameworks @loader_path/Frameworks";
				PRODUCT_BUNDLE_IDENTIFIER = com.hackatruck.AjudarOPeixeUITests;
				PRODUCT_NAME = "$(TARGET_NAME)";
				SWIFT_VERSION = 3.0;
				TEST_TARGET_NAME = AjudarOPeixe;
			};
			name = Release;
		};
/* End XCBuildConfiguration section */

/* Begin XCConfigurationList section */
		3F1EA1E522455387000816D2 /* Build configuration list for PBXProject "AjudarOPeixe" */ = {
			isa = XCConfigurationList;
			buildConfigurations = (
				3F1EA21022455387000816D2 /* Debug */,
				3F1EA21122455387000816D2 /* Release */,
			);
			defaultConfigurationIsVisible = 0;
			defaultConfigurationName = Release;
		};
		3F1EA21222455387000816D2 /* Build configuration list for PBXNativeTarget "AjudarOPeixe" */ = {
			isa = XCConfigurationList;
			buildConfigurations = (
				3F1EA21322455387000816D2 /* Debug */,
				3F1EA21422455387000816D2 /* Release */,
			);
			defaultConfigurationIsVisible = 0;
			defaultConfigurationName = Release;
		};
		3F1EA21522455387000816D2 /* Build configuration list for PBXNativeTarget "AjudarOPeixeTests" */ = {
			isa = XCConfigurationList;
			buildConfigurations = (
				3F1EA21622455387000816D2 /* Debug */,
				3F1EA21722455387000816D2 /* Release */,
			);
			defaultConfigurationIsVisible = 0;
			defaultConfigurationName = Release;
		};
		3F1EA21822455387000816D2 /* Build configuration list for PBXNativeTarget "AjudarOPeixeUITests" */ = {
			isa = XCConfigurationList;
			buildConfigurations = (
				3F1EA21922455387000816D2 /* Debug */,
				3F1EA21A22455387000816D2 /* Release */,
			);
			defaultConfigurationIsVisible = 0;
			defaultConfigurationName = Release;
		};
/* End XCConfigurationList section */
	};
	rootObject = 3F1EA1E222455387000816D2 /* Project object */;
}
